Microsoft Visual Studio Solution File, Format Version 12.00
# Visual Studio Version 17
VisualStudioVersion = 17.5.2.0
MinimumVisualStudioVersion = 10.0.40219.1
Project("{FAE04EC0-301F-11D3-BF4B-00C04F79EFBC}") = "Lista03", "Lista03.csproj", "{E2FDF7A8-A1E4-EB05-D49B-7D4754DC65F5}"
EndProject
Global
	GlobalSection(SolutionConfigurationPlatforms) = preSolution
		Debug|Any CPU = Debug|Any CPU
		Release|Any CPU = Release|Any CPU
	EndGlobalSection
	GlobalSection(ProjectConfigurationPlatforms) = postSolution
		{E2FDF7A8-A1E4-EB05-D49B-7D4754DC65F5}.Debug|Any CPU.ActiveCfg = Debug|Any CPU
		{E2FDF7A8-A1E4-EB05-D49B-7D4754DC65F5}.Debug|Any CPU.Build.0 = Debug|Any CPU
		{E2FDF7A8-A1E4-EB05-D49B-7D4754DC65F5}.Release|Any CPU.ActiveCfg = Release|Any CPU
		{E2FDF7A8-A1E4-EB05-D49B-7D4754DC65F5}.Release|Any CPU.Build.0 = Release|Any CPU
	EndGlobalSection
	GlobalSection(SolutionProperties) = preSolution
		HideSolutionNode = FALSE
	EndGlobalSection
	GlobalSection(ExtensibilityGlobals) = postSolution
		SolutionGuid = {B526EB60-BA33-4B22-9B3C-2DD6B711891A}
	EndGlobalSection
EndGlobal
